
Microsoft Visual Studio Solution File, Format Version 12.00
# Visual Studio Version 16
VisualStudioVersion = 16.0.30717.126
MinimumVisualStudioVersion = 10.0.40219.1
Project("{9A19103F-16F7-4668-BE54-9A1E7A4F7556}") = "DiscordBots.Configuration", "src\DiscordBots.Configuration\DiscordBots.Configuration.csproj", "{A5B7C764-E972-4722-827C-F08EAE789C7F}"
EndProject
Project("{9A19103F-16F7-4668-BE54-9A1E7A4F7556}") = "DiscordBots.SteamWorkshopVotingSystem", "src\DiscordBots.SteamWorkshopVotingSystem\DiscordBots.SteamWorkshopVotingSystem.csproj", "{B33593CE-803D-4E67-A74D-1CB9E8D1E8A5}"
EndProject
Project("{9A19103F-16F7-4668-BE54-9A1E7A4F7556}") = "DiscordBots.Console", "src\DiscordBots.Console\DiscordBots.Console.csproj", "{AADCA10E-62F0-4606-AE39-8F556A6A9D41}"
EndProject
Project("{FAE04EC0-301F-11D3-BF4B-00C04F79EFBC}") = "DiscordBots.SteamWorkshopVotingSystem.Test", "src\DiscordBots.SteamWorkshopVotingSystem.Test\DiscordBots.SteamWorkshopVotingSystem.Test.csproj", "{A31F87E9-00F5-4C04-9293-844BD174DDAE}"
EndProject
Global
	GlobalSection(SolutionConfigurationPlatforms) = preSolution
		Debug|Any CPU = Debug|Any CPU
		Release|Any CPU = Release|Any CPU
	EndGlobalSection
	GlobalSection(ProjectConfigurationPlatforms) = postSolution
		{A5B7C764-E972-4722-827C-F08EAE789C7F}.Debug|Any CPU.ActiveCfg = Debug|Any CPU
		{A5B7C764-E972-4722-827C-F08EAE789C7F}.Debug|Any CPU.Build.0 = Debug|Any CPU
		{A5B7C764-E972-4722-827C-F08EAE789C7F}.Release|Any CPU.ActiveCfg = Release|Any CPU
		{A5B7C764-E972-4722-827C-F08EAE789C7F}.Release|Any CPU.Build.0 = Release|Any CPU
		{B33593CE-803D-4E67-A74D-1CB9E8D1E8A5}.Debug|Any CPU.ActiveCfg = Debug|Any CPU
		{B33593CE-803D-4E67-A74D-1CB9E8D1E8A5}.Debug|Any CPU.Build.0 = Debug|Any CPU
		{B33593CE-803D-4E67-A74D-1CB9E8D1E8A5}.Release|Any CPU.ActiveCfg = Release|Any CPU
		{B33593CE-803D-4E67-A74D-1CB9E8D1E8A5}.Release|Any CPU.Build.0 = Release|Any CPU
		{AADCA10E-62F0-4606-AE39-8F556A6A9D41}.Debug|Any CPU.ActiveCfg = Debug|Any CPU
		{AADCA10E-62F0-4606-AE39-8F556A6A9D41}.Debug|Any CPU.Build.0 = Debug|Any CPU
		{AADCA10E-62F0-4606-AE39-8F556A6A9D41}.Release|Any CPU.ActiveCfg = Release|Any CPU
		{AADCA10E-62F0-4606-AE39-8F556A6A9D41}.Release|Any CPU.Build.0 = Release|Any CPU
		{A31F87E9-00F5-4C04-9293-844BD174DDAE}.Debug|Any CPU.ActiveCfg = Debug|Any CPU
		{A31F87E9-00F5-4C04-9293-844BD174DDAE}.Debug|Any CPU.Build.0 = Debug|Any CPU
		{A31F87E9-00F5-4C04-9293-844BD174DDAE}.Release|Any CPU.ActiveCfg = Release|Any CPU
		{A31F87E9-00F5-4C04-9293-844BD174DDAE}.Release|Any CPU.Build.0 = Release|Any CPU
	EndGlobalSection
	GlobalSection(SolutionProperties) = preSolution
		HideSolutionNode = FALSE
	EndGlobalSection
	GlobalSection(ExtensibilityGlobals) = postSolution
		SolutionGuid = {F81EC298-826D-41B8-A672-BFBFE0A87D2F}
	EndGlobalSection
EndGlobal
